{
  "nodes": {
    "composer2nix": {
      "inputs": {
        "flake-utils": "flake-utils",
        "nixpkgs": "nixpkgs"
      },
      "locked": {
        "lastModified": 1633706590,
        "narHash": "sha256-1HnVRHS0r6ttZdiTfEU3bdB2Wj5GKUaiEh5S0IFDND8=",
        "owner": "charlieshanley",
        "repo": "composer2nix",
        "rev": "4133a29761446f724e1b5a53a732afc70fdd4099",
        "type": "github"
      },
      "original": {
        "owner": "charlieshanley",
        "repo": "composer2nix",
        "type": "github"
      }
    },
    "flake-utils": {
      "locked": {
        "lastModified": 1614513358,
        "narHash": "sha256-LakhOx3S1dRjnh0b5Dg3mbZyH0ToC9I8Y2wKSkBaTzU=",
        "owner": "numtide",
        "repo": "flake-utils",
        "rev": "5466c5bbece17adaab2d82fae80b46e807611bf3",
        "type": "github"
      },
      "original": {
        "owner": "numtide",
        "repo": "flake-utils",
        "type": "github"
      }
    },
    "movim-src": {
      "flake": false,
      "locked": {
        "lastModified": 1634075859,
        "narHash": "sha256-3Z2QE7ySu2DMhBPiflQ03SrShsVXUEbO1ZJGLf664QQ=",
        "ref": "master",
        "rev": "ba17fb208279b9389eb389c5f0bc39dae76abe62",
        "revCount": 8590,
        "type": "git",
        "url": "https://github.com/movim/movim"
      },
      "original": {
        "type": "git",
        "url": "https://github.com/movim/movim"
      }
    },
    "nixpkgs": {
      "locked": {
        "lastModified": 1616305499,
        "narHash": "sha256-WArUDrAuqq9jNLNJI0hBClleALaCysA40WBbQHQlqLg=",
        "owner": "NixOS",
        "repo": "nixpkgs",
        "rev": "9b8530e3721fc008bacac61b6c50a29712ee2f2f",
        "type": "github"
      },
      "original": {
        "owner": "NixOS",
        "ref": "nixos-20.09",
        "repo": "nixpkgs",
        "type": "github"
      }
    },
    "nixpkgs_2": {
      "locked": {
        "lastModified": 1633971123,
        "narHash": "sha256-WmI4NbH1IPGFWVkuBkKoYgOnxgwSfWDgdZplJlQ93vA=",
        "owner": "NixOS",
        "repo": "nixpkgs",
        "rev": "e4ef597edfd8a0ba5f12362932fc9b1dd01a0aef",
        "type": "github"
      },
      "original": {
        "id": "nixpkgs",
        "ref": "nixos-unstable",
        "type": "indirect"
      }
    },
    "root": {
      "inputs": {
        "composer2nix": "composer2nix",
        "movim-src": "movim-src",
        "nixpkgs": "nixpkgs_2"
      }
    }
  },
  "root": "root",
  "version": 7
}
