{
  "nodes": {
    "c4": {
      "locked": {
        "lastModified": 1623090606,
        "narHash": "sha256-iQRhXFZEScUHPLwR9wCPnGpNlYnVGxIe3+Zopr1ETi8=",
        "owner": "fossar",
        "repo": "composition-c4",
        "rev": "9232e2b8e54adb310f476f5fe66f4b6fb5996487",
        "type": "github"
      },
      "original": {
        "owner": "fossar",
        "repo": "composition-c4",
        "type": "github"
      }
    },
    "flake-utils": {
      "locked": {
        "lastModified": 1631561581,
        "narHash": "sha256-3VQMV5zvxaVLvqqUrNz3iJelLw30mIVSfZmAaauM3dA=",
        "owner": "numtide",
        "repo": "flake-utils",
        "rev": "7e5bf3925f6fbdfaf50a2a7ca0be2879c4261d19",
        "type": "github"
      },
      "original": {
        "owner": "numtide",
        "repo": "flake-utils",
        "type": "github"
      }
    },
    "movim-src": {
      "flake": false,
      "locked": {
        "lastModified": 1634582868,
        "narHash": "sha256-3Xgp6oeLoEB1t/oQhJR7IW2SNX3LAcSX7RalMGBd4oY=",
        "owner": "movim",
        "repo": "movim",
        "rev": "84228c7484e47af2d78b9aadc940e3638232a1ac",
        "type": "github"
      },
      "original": {
        "owner": "movim",
        "repo": "movim",
        "type": "github"
      }
    },
    "nixpkgs": {
      "locked": {
        "lastModified": 1634436779,
        "narHash": "sha256-D/nrXTWpe1bPIjFy85sgiLHYqu+AeaC6v5/+KlA9PRg=",
        "owner": "nixos",
        "repo": "nixpkgs",
        "rev": "9aeeb7574fb784eaf6395f4400705b5f619e6cc3",
        "type": "github"
      },
      "original": {
        "owner": "nixos",
        "ref": "nixos-unstable",
        "repo": "nixpkgs",
        "type": "github"
      }
    },
    "root": {
      "inputs": {
        "c4": "c4",
        "flake-utils": "flake-utils",
        "movim-src": "movim-src",
        "nixpkgs": "nixpkgs"
      }
    }
  },
  "root": "root",
  "version": 7
}
